
Microsoft Visual Studio Solution File, Format Version 12.00
# Visual Studio Version 17
VisualStudioVersion = 17.14.37111.16 d17.14
MinimumVisualStudioVersion = 10.0.40219.1
Project("{FAE04EC0-301F-11D3-BF4B-00C04F79EFBC}") = "MemoryScanner", "MemoryScanner.csproj", "{BDA3C392-1AE6-445A-9CD6-4322DD5BF330}"
EndProject
Global
	GlobalSection(SolutionConfigurationPlatforms) = preSolution
		Debug|Any CPU = Debug|Any CPU
		Release|Any CPU = Release|Any CPU
	EndGlobalSection
	GlobalSection(ProjectConfigurationPlatforms) = postSolution
		{BDA3C392-1AE6-445A-9CD6-4322DD5BF330}.Debug|Any CPU.ActiveCfg = Debug|Any CPU
		{BDA3C392-1AE6-445A-9CD6-4322DD5BF330}.Debug|Any CPU.Build.0 = Debug|Any CPU
		{BDA3C392-1AE6-445A-9CD6-4322DD5BF330}.Release|Any CPU.ActiveCfg = Release|Any CPU
		{BDA3C392-1AE6-445A-9CD6-4322DD5BF330}.Release|Any CPU.Build.0 = Release|Any CPU
	EndGlobalSection
	GlobalSection(SolutionProperties) = preSolution
		HideSolutionNode = FALSE
	EndGlobalSection
	GlobalSection(ExtensibilityGlobals) = postSolution
		SolutionGuid = {BEA3D25A-4656-4EEF-BD6E-847AFFCCC38E}
	EndGlobalSection
EndGlobal
